// !$*UTF8*$!
{
	archiveVersion = 1;
	classes = {
	};
	objectVersion = 46;
	objects = {

/* Begin PBXBuildFile section */
		BF3885F61E9A04430064FE29 /* AppDelegate.swift in Sources */ = {isa = PBXBuildFile; fileRef = BF3885F51E9A04430064FE29 /* AppDelegate.swift */; };
		BF3885FB1E9A04430064FE29 /* Main.storyboard in Resources */ = {isa = PBXBuildFile; fileRef = BF3885F91E9A04430064FE29 /* Main.storyboard */; };
		BF3885FD1E9A04430064FE29 /* Assets.xcassets in Resources */ = {isa = PBXBuildFile; fileRef = BF3885FC1E9A04430064FE29 /* Assets.xcassets */; };
		BF3886001E9A04430064FE29 /* LaunchScreen.storyboard in Resources */ = {isa = PBXBuildFile; fileRef = BF3885FE1E9A04430064FE29 /* LaunchScreen.storyboard */; };
		BF38860E1E9A07AC0064FE29 /* MovieFeedController.swift in Sources */ = {isa = PBXBuildFile; fileRef = BF38860D1E9A07AC0064FE29 /* MovieFeedController.swift */; };
		BF3886101E9A07CF0064FE29 /* MovieCell.swift in Sources */ = {isa = PBXBuildFile; fileRef = BF38860F1E9A07CF0064FE29 /* MovieCell.swift */; };
		BF3886121E9A07EC0064FE29 /* Cellable.swift in Sources */ = {isa = PBXBuildFile; fileRef = BF3886111E9A07EC0064FE29 /* Cellable.swift */; };
		BF3886141E9A0A000064FE29 /* Cachable.swift in Sources */ = {isa = PBXBuildFile; fileRef = BF3886131E9A0A000064FE29 /* Cachable.swift */; };
		BFFF4B651E9A0E060052981C /* JSONDownloader.swift in Sources */ = {isa = PBXBuildFile; fileRef = BFFF4B641E9A0E060052981C /* JSONDownloader.swift */; };
		BFFF4B671E9A12480052981C /* MovieService.swift in Sources */ = {isa = PBXBuildFile; fileRef = BFFF4B661E9A12480052981C /* MovieService.swift */; };
		BFFF4B691E9A13160052981C /* Movie.swift in Sources */ = {isa = PBXBuildFile; fileRef = BFFF4B681E9A13160052981C /* Movie.swift */; };
/* End PBXBuildFile section */

/* Begin PBXFileReference section */
		BF3885F21E9A04430064FE29 /* MVVMJSONTutorial.app */ = {isa = PBXFileReference; explicitFileType = wrapper.application; includeInIndex = 0; path = MVVMJSONTutorial.app; sourceTree = BUILT_PRODUCTS_DIR; };
		BF3885F51E9A04430064FE29 /* AppDelegate.swift */ = {isa = PBXFileReference; lastKnownFileType = sourcecode.swift; path = AppDelegate.swift; sourceTree = "<group>"; };
		BF3885FA1E9A04430064FE29 /* Base */ = {isa = PBXFileReference; lastKnownFileType = file.storyboard; name = Base; path = Base.lproj/Main.storyboard; sourceTree = "<group>"; };
		BF3885FC1E9A04430064FE29 /* Assets.xcassets */ = {isa = PBXFileReference; lastKnownFileType = folder.assetcatalog; path = Assets.xcassets; sourceTree = "<group>"; };
		BF3885FF1E9A04430064FE29 /* Base */ = {isa = PBXFileReference; lastKnownFileType = file.storyboard; name = Base; path = Base.lproj/LaunchScreen.storyboard; sourceTree = "<group>"; };
		BF3886011E9A04430064FE29 /* Info.plist */ = {isa = PBXFileReference; lastKnownFileType = text.plist.xml; path = Info.plist; sourceTree = "<group>"; };
		BF38860D1E9A07AC0064FE29 /* MovieFeedController.swift */ = {isa = PBXFileReference; fileEncoding = 4; lastKnownFileType = sourcecode.swift; path = MovieFeedController.swift; sourceTree = "<group>"; };
		BF38860F1E9A07CF0064FE29 /* MovieCell.swift */ = {isa = PBXFileReference; fileEncoding = 4; lastKnownFileType = sourcecode.swift; path = MovieCell.swift; sourceTree = "<group>"; };
		BF3886111E9A07EC0064FE29 /* Cellable.swift */ = {isa = PBXFileReference; fileEncoding = 4; lastKnownFileType = sourcecode.swift; path = Cellable.swift; sourceTree = "<group>"; };
		BF3886131E9A0A000064FE29 /* Cachable.swift */ = {isa = PBXFileReference; fileEncoding = 4; lastKnownFileType = sourcecode.swift; path = Cachable.swift; sourceTree = "<group>"; };
		BFFF4B641E9A0E060052981C /* JSONDownloader.swift */ = {isa = PBXFileReference; fileEncoding = 4; lastKnownFileType = sourcecode.swift; path = JSONDownloader.swift; sourceTree = "<group>"; };
		BFFF4B661E9A12480052981C /* MovieService.swift */ = {isa = PBXFileReference; fileEncoding = 4; lastKnownFileType = sourcecode.swift; path = MovieService.swift; sourceTree = "<group>"; };
		BFFF4B681E9A13160052981C /* Movie.swift */ = {isa = PBXFileReference; fileEncoding = 4; lastKnownFileType = sourcecode.swift; path = Movie.swift; sourceTree = "<group>"; };
/* End PBXFileReference section */

/* Begin PBXFrameworksBuildPhase section */
		BF3885EF1E9A04430064FE29 /* Frameworks */ = {
			isa = PBXFrameworksBuildPhase;
			buildActionMask = 2147483647;
			files = (
			);
			runOnlyForDeploymentPostprocessing = 0;
		};
/* End PBXFrameworksBuildPhase section */

/* Begin PBXGroup section */
		BF3885E91E9A04430064FE29 = {
			isa = PBXGroup;
			children = (
				BF3885F41E9A04430064FE29 /* MVVMJSONTutorial */,
				BF3885F31E9A04430064FE29 /* Products */,
			);
			sourceTree = "<group>";
		};
		BF3885F31E9A04430064FE29 /* Products */ = {
			isa = PBXGroup;
			children = (
				BF3885F21E9A04430064FE29 /* MVVMJSONTutorial.app */,
			);
			name = Products;
			sourceTree = "<group>";
		};
		BF3885F41E9A04430064FE29 /* MVVMJSONTutorial */ = {
			isa = PBXGroup;
			children = (
				BF38860C1E9A078E0064FE29 /* Services */,
				BF38860B1E9A07840064FE29 /* Views */,
				BF38860A1E9A07780064FE29 /* Protocols */,
				BF3886091E9A076D0064FE29 /* ViewModels */,
				BF3886081E9A075F0064FE29 /* Models */,
				BF3886071E9A07530064FE29 /* Controllers */,
				BF3885F51E9A04430064FE29 /* AppDelegate.swift */,
				BF3885F91E9A04430064FE29 /* Main.storyboard */,
				BF3885FC1E9A04430064FE29 /* Assets.xcassets */,
				BF3885FE1E9A04430064FE29 /* LaunchScreen.storyboard */,
				BF3886011E9A04430064FE29 /* Info.plist */,
			);
			path = MVVMJSONTutorial;
			sourceTree = "<group>";
		};
		BF3886071E9A07530064FE29 /* Controllers */ = {
			isa = PBXGroup;
			children = (
				BF38860D1E9A07AC0064FE29 /* MovieFeedController.swift */,
			);
			path = Controllers;
			sourceTree = "<group>";
		};
		BF3886081E9A075F0064FE29 /* Models */ = {
			isa = PBXGroup;
			children = (
				BFFF4B681E9A13160052981C /* Movie.swift */,
			);
			path = Models;
			sourceTree = "<group>";
		};
		BF3886091E9A076D0064FE29 /* ViewModels */ = {
			isa = PBXGroup;
			children = (
			);
			path = ViewModels;
			sourceTree = "<group>";
		};
		BF38860A1E9A07780064FE29 /* Protocols */ = {
			isa = PBXGroup;
			children = (
				BF3886111E9A07EC0064FE29 /* Cellable.swift */,
				BF3886131E9A0A000064FE29 /* Cachable.swift */,
			);
			path = Protocols;
			sourceTree = "<group>";
		};
		BF38860B1E9A07840064FE29 /* Views */ = {
			isa = PBXGroup;
			children = (
				BF38860F1E9A07CF0064FE29 /* MovieCell.swift */,
			);
			path = Views;
			sourceTree = "<group>";
		};
		BF38860C1E9A078E0064FE29 /* Services */ = {
			isa = PBXGroup;
			children = (
				BFFF4B641E9A0E060052981C /* JSONDownloader.swift */,
				BFFF4B661E9A12480052981C /* MovieService.swift */,
			);
			path = Services;
			sourceTree = "<group>";
		};
/* End PBXGroup section */

/* Begin PBXNativeTarget section */
		BF3885F11E9A04430064FE29 /* MVVMJSONTutorial */ = {
			isa = PBXNativeTarget;
			buildConfigurationList = BF3886041E9A04430064FE29 /* Build configuration list for PBXNativeTarget "MVVMJSONTutorial" */;
			buildPhases = (
				BF3885EE1E9A04430064FE29 /* Sources */,
				BF3885EF1E9A04430064FE29 /* Frameworks */,
				BF3885F01E9A04430064FE29 /* Resources */,
			);
			buildRules = (
			);
			dependencies = (
			);
			name = MVVMJSONTutorial;
			productName = MVVMJSONTutorial;
			productReference = BF3885F21E9A04430064FE29 /* MVVMJSONTutorial.app */;
			productType = "com.apple.product-type.application";
		};
/* End PBXNativeTarget section */

/* Begin PBXProject section */
		BF3885EA1E9A04430064FE29 /* Project object */ = {
			isa = PBXProject;
			attributes = {
				LastSwiftUpdateCheck = 0830;
				LastUpgradeCheck = 0830;
				ORGANIZATIONNAME = "Bao Nguyen";
				TargetAttributes = {
					BF3885F11E9A04430064FE29 = {
						CreatedOnToolsVersion = 8.3;
						DevelopmentTeam = 4X4ZDEX56P;
						ProvisioningStyle = Automatic;
					};
				};
			};
			buildConfigurationList = BF3885ED1E9A04430064FE29 /* Build configuration list for PBXProject "MVVMJSONTutorial" */;
			compatibilityVersion = "Xcode 3.2";
			developmentRegion = English;
			hasScannedForEncodings = 0;
			knownRegions = (
				en,
				Base,
			);
			mainGroup = BF3885E91E9A04430064FE29;
			productRefGroup = BF3885F31E9A04430064FE29 /* Products */;
			projectDirPath = "";
			projectRoot = "";
			targets = (
				BF3885F11E9A04430064FE29 /* MVVMJSONTutorial */,
			);
		};
/* End PBXProject section */

/* Begin PBXResourcesBuildPhase section */
		BF3885F01E9A04430064FE29 /* Resources */ = {
			isa = PBXResourcesBuildPhase;
			buildActionMask = 2147483647;
			files = (
				BF3886001E9A04430064FE29 /* LaunchScreen.storyboard in Resources */,
				BF3885FD1E9A04430064FE29 /* Assets.xcassets in Resources */,
				BF3885FB1E9A04430064FE29 /* Main.storyboard in Resources */,
			);
			runOnlyForDeploymentPostprocessing = 0;
		};
/* End PBXResourcesBuildPhase section */

/* Begin PBXSourcesBuildPhase section */
		BF3885EE1E9A04430064FE29 /* Sources */ = {
			isa = PBXSourcesBuildPhase;
			buildActionMask = 2147483647;
			files = (
				BFFF4B651E9A0E060052981C /* JSONDownloader.swift in Sources */,
				BF38860E1E9A07AC0064FE29 /* MovieFeedController.swift in Sources */,
				BF3886121E9A07EC0064FE29 /* Cellable.swift in Sources */,
				BF3885F61E9A04430064FE29 /* AppDelegate.swift in Sources */,
				BF3886101E9A07CF0064FE29 /* MovieCell.swift in Sources */,
				BF3886141E9A0A000064FE29 /* Cachable.swift in Sources */,
				BFFF4B691E9A13160052981C /* Movie.swift in Sources */,
				BFFF4B671E9A12480052981C /* MovieService.swift in Sources */,
			);
			runOnlyForDeploymentPostprocessing = 0;
		};
/* End PBXSourcesBuildPhase section */

/* Begin PBXVariantGroup section */
		BF3885F91E9A04430064FE29 /* Main.storyboard */ = {
			isa = PBXVariantGroup;
			children = (
				BF3885FA1E9A04430064FE29 /* Base */,
			);
			name = Main.storyboard;
			sourceTree = "<group>";
		};
		BF3885FE1E9A04430064FE29 /* LaunchScreen.storyboard */ = {
			isa = PBXVariantGroup;
			children = (
				BF3885FF1E9A04430064FE29 /* Base */,
			);
			name = LaunchScreen.storyboard;
			sourceTree = "<group>";
		};
/* End PBXVariantGroup section */

/* Begin XCBuildConfiguration section */
		BF3886021E9A04430064FE29 /* Debug */ = {
			isa = XCBuildConfiguration;
			buildSettings = {
				ALWAYS_SEARCH_USER_PATHS = NO;
				CLANG_ANALYZER_NONNULL = YES;
				CLANG_ANALYZER_NUMBER_OBJECT_CONVERSION = YES_AGGRESSIVE;
				CLANG_CXX_LANGUAGE_STANDARD = "gnu++0x";
				CLANG_CXX_LIBRARY = "libc++";
				CLANG_ENABLE_MODULES = YES;
				CLANG_ENABLE_OBJC_ARC = YES;
				CLANG_WARN_BOOL_CONVERSION = YES;
				CLANG_WARN_CONSTANT_CONVERSION = YES;
				CLANG_WARN_DIRECT_OBJC_ISA_USAGE = YES_ERROR;
				CLANG_WARN_DOCUMENTATION_COMMENTS = YES;
				CLANG_WARN_EMPTY_BODY = YES;
				CLANG_WARN_ENUM_CONVERSION = YES;
				CLANG_WARN_INFINITE_RECURSION = YES;
				CLANG_WARN_INT_CONVERSION = YES;
				CLANG_WARN_OBJC_ROOT_CLASS = YES_ERROR;
				CLANG_WARN_SUSPICIOUS_MOVE = YES;
				CLANG_WARN_UNREACHABLE_CODE = YES;
				CLANG_WARN__DUPLICATE_METHOD_MATCH = YES;
				"CODE_SIGN_IDENTITY[sdk=iphoneos*]" = "iPhone Developer";
				COPY_PHASE_STRIP = NO;
				DEBUG_INFORMATION_FORMAT = dwarf;
				ENABLE_STRICT_OBJC_MSGSEND = YES;
				ENABLE_TESTABILITY = YES;
				GCC_C_LANGUAGE_STANDARD = gnu99;
				GCC_DYNAMIC_NO_PIC = NO;
				GCC_NO_COMMON_BLOCKS = YES;
				GCC_OPTIMIZATION_LEVEL = 0;
				GCC_PREPROCESSOR_DEFINITIONS = (
					"DEBUG=1",
					"$(inherited)",
				);
				GCC_WARN_64_TO_32_BIT_CONVERSION = YES;
				GCC_WARN_ABOUT_RETURN_TYPE = YES_ERROR;
				GCC_WARN_UNDECLARED_SELECTOR = YES;
				GCC_WARN_UNINITIALIZED_AUTOS = YES_AGGRESSIVE;
				GCC_WARN_UNUSED_FUNCTION = YES;
				GCC_WARN_UNUSED_VARIABLE = YES;
				IPHONEOS_DEPLOYMENT_TARGET = 10.3;
				MTL_ENABLE_DEBUG_INFO = YES;
				ONLY_ACTIVE_ARCH = YES;
				SDKROOT = iphoneos;
				SWIFT_ACTIVE_COMPILATION_CONDITIONS = DEBUG;
				SWIFT_OPTIMIZATION_LEVEL = "-Onone";
				TARGETED_DEVICE_FAMILY = "1,2";
			};
			name = Debug;
		};
		BF3886031E9A04430064FE29 /* Release */ = {
			isa = XCBuildConfiguration;
			buildSettings = {
				ALWAYS_SEARCH_USER_PATHS = NO;
				CLANG_ANALYZER_NONNULL = YES;
				CLANG_ANALYZER_NUMBER_OBJECT_CONVERSION = YES_AGGRESSIVE;
				CLANG_CXX_LANGUAGE_STANDARD = "gnu++0x";
				CLANG_CXX_LIBRARY = "libc++";
				CLANG_ENABLE_MODULES = YES;
				CLANG_ENABLE_OBJC_ARC = YES;
				CLANG_WARN_BOOL_CONVERSION = YES;
				CLANG_WARN_CONSTANT_CONVERSION = YES;
				CLANG_WARN_DIRECT_OBJC_ISA_USAGE = YES_ERROR;
				CLANG_WARN_DOCUMENTATION_COMMENTS = YES;
				CLANG_WARN_EMPTY_BODY = YES;
				CLANG_WARN_ENUM_CONVERSION = YES;
				CLANG_WARN_INFINITE_RECURSION = YES;
				CLANG_WARN_INT_CONVERSION = YES;
				CLANG_WARN_OBJC_ROOT_CLASS = YES_ERROR;
				CLANG_WARN_SUSPICIOUS_MOVE = YES;
				CLANG_WARN_UNREACHABLE_CODE = YES;
				CLANG_WARN__DUPLICATE_METHOD_MATCH = YES;
				"CODE_SIGN_IDENTITY[sdk=iphoneos*]" = "iPhone Developer";
				COPY_PHASE_STRIP = NO;
				DEBUG_INFORMATION_FORMAT = "dwarf-with-dsym";
				ENABLE_NS_ASSERTIONS = NO;
				ENABLE_STRICT_OBJC_MSGSEND = YES;
				GCC_C_LANGUAGE_STANDARD = gnu99;
				GCC_NO_COMMON_BLOCKS = YES;
				GCC_WARN_64_TO_32_BIT_CONVERSION = YES;
				GCC_WARN_ABOUT_RETURN_TYPE = YES_ERROR;
				GCC_WARN_UNDECLARED_SELECTOR = YES;
				GCC_WARN_UNINITIALIZED_AUTOS = YES_AGGRESSIVE;
				GCC_WARN_UNUSED_FUNCTION = YES;
				GCC_WARN_UNUSED_VARIABLE = YES;
				IPHONEOS_DEPLOYMENT_TARGET = 10.3;
				MTL_ENABLE_DEBUG_INFO = NO;
				SDKROOT = iphoneos;
				SWIFT_OPTIMIZATION_LEVEL = "-Owholemodule";
				TARGETED_DEVICE_FAMILY = "1,2";
				VALIDATE_PRODUCT = YES;
			};
			name = Release;
		};
		BF3886051E9A04430064FE29 /* Debug */ = {
			isa = XCBuildConfiguration;
			buildSettings = {
				ASSETCATALOG_COMPILER_APPICON_NAME = AppIcon;
				DEVELOPMENT_TEAM = 4X4ZDEX56P;
				INFOPLIST_FILE = MVVMJSONTutorial/Info.plist;
				LD_RUNPATH_SEARCH_PATHS = "$(inherited) @executable_path/Frameworks";
				PRODUCT_BUNDLE_IDENTIFIER = com.baon.MVVMJSONTutorial;
				PRODUCT_NAME = "$(TARGET_NAME)";
				SWIFT_VERSION = 3.0;
			};
			name = Debug;
		};
		BF3886061E9A04430064FE29 /* Release */ = {
			isa = XCBuildConfiguration;
			buildSettings = {
				ASSETCATALOG_COMPILER_APPICON_NAME = AppIcon;
				DEVELOPMENT_TEAM = 4X4ZDEX56P;
				INFOPLIST_FILE = MVVMJSONTutorial/Info.plist;
				LD_RUNPATH_SEARCH_PATHS = "$(inherited) @executable_path/Frameworks";
				PRODUCT_BUNDLE_IDENTIFIER = com.baon.MVVMJSONTutorial;
				PRODUCT_NAME = "$(TARGET_NAME)";
				SWIFT_VERSION = 3.0;
			};
			name = Release;
		};
/* End XCBuildConfiguration section */

/* Begin XCConfigurationList section */
		BF3885ED1E9A04430064FE29 /* Build configuration list for PBXProject "MVVMJSONTutorial" */ = {
			isa = XCConfigurationList;
			buildConfigurations = (
				BF3886021E9A04430064FE29 /* Debug */,
				BF3886031E9A04430064FE29 /* Release */,
			);
			defaultConfigurationIsVisible = 0;
			defaultConfigurationName = Release;
		};
		BF3886041E9A04430064FE29 /* Build configuration list for PBXNativeTarget "MVVMJSONTutorial" */ = {
			isa = XCConfigurationList;
			buildConfigurations = (
				BF3886051E9A04430064FE29 /* Debug */,
				BF3886061E9A04430064FE29 /* Release */,
			);
			defaultConfigurationIsVisible = 0;
			defaultConfigurationName = Release;
		};
/* End XCConfigurationList section */
	};
	rootObject = BF3885EA1E9A04430064FE29 /* Project object */;
}
